
Microsoft Visual Studio Solution File, Format Version 12.00
# Visual Studio Version 17
VisualStudioVersion = 17.4.33110.190
MinimumVisualStudioVersion = 10.0.40219.1
Project("{FAE04EC0-301F-11D3-BF4B-00C04F79EFBC}") = "Pontok távolsága", "Pontok távolsága.csproj", "{D4976D43-1C9B-478D-A5FF-1DB2AC3A3CBD}"
EndProject
Global
	GlobalSection(SolutionConfigurationPlatforms) = preSolution
		Debug|Any CPU = Debug|Any CPU
		Release|Any CPU = Release|Any CPU
	EndGlobalSection
	GlobalSection(ProjectConfigurationPlatforms) = postSolution
		{D4976D43-1C9B-478D-A5FF-1DB2AC3A3CBD}.Debug|Any CPU.ActiveCfg = Debug|Any CPU
		{D4976D43-1C9B-478D-A5FF-1DB2AC3A3CBD}.Debug|Any CPU.Build.0 = Debug|Any CPU
		{D4976D43-1C9B-478D-A5FF-1DB2AC3A3CBD}.Release|Any CPU.ActiveCfg = Release|Any CPU
		{D4976D43-1C9B-478D-A5FF-1DB2AC3A3CBD}.Release|Any CPU.Build.0 = Release|Any CPU
	EndGlobalSection
	GlobalSection(SolutionProperties) = preSolution
		HideSolutionNode = FALSE
	EndGlobalSection
	GlobalSection(ExtensibilityGlobals) = postSolution
		SolutionGuid = {CC73E41E-3037-4221-85AA-EC001B3CFA57}
	EndGlobalSection
EndGlobal
